// !$*UTF8*$!
{
	archiveVersion = 1;
	classes = {
	};
	objectVersion = 56;
	objects = {

/* Begin PBXBuildFile section */
		361445132BD00CDD00C173EB /* TouchDownApp.swift in Sources */ = {isa = PBXBuildFile; fileRef = 361445122BD00CDD00C173EB /* TouchDownApp.swift */; };
		361445152BD00CDD00C173EB /* ContentView.swift in Sources */ = {isa = PBXBuildFile; fileRef = 361445142BD00CDD00C173EB /* ContentView.swift */; };
		361445172BD00CDD00C173EB /* Assets.xcassets in Resources */ = {isa = PBXBuildFile; fileRef = 361445162BD00CDD00C173EB /* Assets.xcassets */; };
		3614451A2BD00CDD00C173EB /* Preview Assets.xcassets in Resources */ = {isa = PBXBuildFile; fileRef = 361445192BD00CDD00C173EB /* Preview Assets.xcassets */; };
		361445242BD00D8B00C173EB /* brand.json in Resources */ = {isa = PBXBuildFile; fileRef = 361445202BD00D8B00C173EB /* brand.json */; };
		361445252BD00D8B00C173EB /* product.json in Resources */ = {isa = PBXBuildFile; fileRef = 361445212BD00D8B00C173EB /* product.json */; };
		361445262BD00D8B00C173EB /* category.json in Resources */ = {isa = PBXBuildFile; fileRef = 361445222BD00D8B00C173EB /* category.json */; };
		361445272BD00D8B00C173EB /* player.json in Resources */ = {isa = PBXBuildFile; fileRef = 361445232BD00D8B00C173EB /* player.json */; };
		361445322BD00EFD00C173EB /* Constant.swift in Sources */ = {isa = PBXBuildFile; fileRef = 361445312BD00EFD00C173EB /* Constant.swift */; };
		361445342BD00FDD00C173EB /* FooterView.swift in Sources */ = {isa = PBXBuildFile; fileRef = 361445332BD00FDD00C173EB /* FooterView.swift */; };
		361445362BD01B1900C173EB /* NavigationBarVIew.swift in Sources */ = {isa = PBXBuildFile; fileRef = 361445352BD01B1900C173EB /* NavigationBarVIew.swift */; };
		361445382BD01BDB00C173EB /* LogoView.swift in Sources */ = {isa = PBXBuildFile; fileRef = 361445372BD01BDB00C173EB /* LogoView.swift */; };
		3614453A2BD0209E00C173EB /* PlayerModel.swift in Sources */ = {isa = PBXBuildFile; fileRef = 361445392BD0209E00C173EB /* PlayerModel.swift */; };
		3614453C2BD020D400C173EB /* CodableBundleExtension.swift in Sources */ = {isa = PBXBuildFile; fileRef = 3614453B2BD020D400C173EB /* CodableBundleExtension.swift */; };
		3614453E2BD0222100C173EB /* FeaturedItemView.swift in Sources */ = {isa = PBXBuildFile; fileRef = 3614453D2BD0222100C173EB /* FeaturedItemView.swift */; };
		361445402BD022E800C173EB /* FeaturedTabView.swift in Sources */ = {isa = PBXBuildFile; fileRef = 3614453F2BD022E800C173EB /* FeaturedTabView.swift */; };
		361445422BD0363A00C173EB /* CategoryModel.swift in Sources */ = {isa = PBXBuildFile; fileRef = 361445412BD0363A00C173EB /* CategoryModel.swift */; };
		361445442BD04F2300C173EB /* CategoryItemView.swift in Sources */ = {isa = PBXBuildFile; fileRef = 361445432BD04F2300C173EB /* CategoryItemView.swift */; };
		361445462BD060D700C173EB /* CategoryGridView.swift in Sources */ = {isa = PBXBuildFile; fileRef = 361445452BD060D700C173EB /* CategoryGridView.swift */; };
		361445482BD061C600C173EB /* SectionView.swift in Sources */ = {isa = PBXBuildFile; fileRef = 361445472BD061C600C173EB /* SectionView.swift */; };
		3614454A2BD0631500C173EB /* TitleView.swift in Sources */ = {isa = PBXBuildFile; fileRef = 361445492BD0631500C173EB /* TitleView.swift */; };
		3614454C2BD0638B00C173EB /* ProductModel.swift in Sources */ = {isa = PBXBuildFile; fileRef = 3614454B2BD0638B00C173EB /* ProductModel.swift */; };
		3614454E2BD063FE00C173EB /* ProductItemView.swift in Sources */ = {isa = PBXBuildFile; fileRef = 3614454D2BD063FE00C173EB /* ProductItemView.swift */; };
		361445502BD0668E00C173EB /* BrandModel.swift in Sources */ = {isa = PBXBuildFile; fileRef = 3614454F2BD0668E00C173EB /* BrandModel.swift */; };
		361445522BD066CD00C173EB /* BrandItemView.swift in Sources */ = {isa = PBXBuildFile; fileRef = 361445512BD066CD00C173EB /* BrandItemView.swift */; };
		361445542BD0674B00C173EB /* BrandGridView.swift in Sources */ = {isa = PBXBuildFile; fileRef = 361445532BD0674B00C173EB /* BrandGridView.swift */; };
		361445562BD0686400C173EB /* ProductDetailView.swift in Sources */ = {isa = PBXBuildFile; fileRef = 361445552BD0686400C173EB /* ProductDetailView.swift */; };
		361445582BD068E300C173EB /* NavigationDetailView.swift in Sources */ = {isa = PBXBuildFile; fileRef = 361445572BD068E300C173EB /* NavigationDetailView.swift */; };
		3614455A2BD0698200C173EB /* HeaderDetailView.swift in Sources */ = {isa = PBXBuildFile; fileRef = 361445592BD0698200C173EB /* HeaderDetailView.swift */; };
		3614455F2BD06A2A00C173EB /* PaddingModifier.swift in Sources */ = {isa = PBXBuildFile; fileRef = 3614455E2BD06A2A00C173EB /* PaddingModifier.swift */; };
		361445612BD06AF300C173EB /* TopPartDetailView.swift in Sources */ = {isa = PBXBuildFile; fileRef = 361445602BD06AF300C173EB /* TopPartDetailView.swift */; };
		361445632BD070FB00C173EB /* CustomShape.swift in Sources */ = {isa = PBXBuildFile; fileRef = 361445622BD070FB00C173EB /* CustomShape.swift */; };
		361445652BD0727000C173EB /* RatingsSizesDetailView.swift in Sources */ = {isa = PBXBuildFile; fileRef = 361445642BD0727000C173EB /* RatingsSizesDetailView.swift */; };
		361445672BD074A800C173EB /* QuantityFavouriteDetailView.swift in Sources */ = {isa = PBXBuildFile; fileRef = 361445662BD074A800C173EB /* QuantityFavouriteDetailView.swift */; };
		361445692BD075CB00C173EB /* AddToCartDetailView.swift in Sources */ = {isa = PBXBuildFile; fileRef = 361445682BD075CB00C173EB /* AddToCartDetailView.swift */; };
/* End PBXBuildFile section */

/* Begin PBXFileReference section */
		3614450F2BD00CDD00C173EB /* TouchDown.app */ = {isa = PBXFileReference; explicitFileType = wrapper.application; includeInIndex = 0; path = TouchDown.app; sourceTree = BUILT_PRODUCTS_DIR; };
		361445122BD00CDD00C173EB /* TouchDownApp.swift */ = {isa = PBXFileReference; lastKnownFileType = sourcecode.swift; path = TouchDownApp.swift; sourceTree = "<group>"; };
		361445142BD00CDD00C173EB /* ContentView.swift */ = {isa = PBXFileReference; lastKnownFileType = sourcecode.swift; path = ContentView.swift; sourceTree = "<group>"; };
		361445162BD00CDD00C173EB /* Assets.xcassets */ = {isa = PBXFileReference; lastKnownFileType = folder.assetcatalog; path = Assets.xcassets; sourceTree = "<group>"; };
		361445192BD00CDD00C173EB /* Preview Assets.xcassets */ = {isa = PBXFileReference; lastKnownFileType = folder.assetcatalog; path = "Preview Assets.xcassets"; sourceTree = "<group>"; };
		361445202BD00D8B00C173EB /* brand.json */ = {isa = PBXFileReference; fileEncoding = 4; lastKnownFileType = text.json; path = brand.json; sourceTree = "<group>"; };
		361445212BD00D8B00C173EB /* product.json */ = {isa = PBXFileReference; fileEncoding = 4; lastKnownFileType = text.json; path = product.json; sourceTree = "<group>"; };
		361445222BD00D8B00C173EB /* category.json */ = {isa = PBXFileReference; fileEncoding = 4; lastKnownFileType = text.json; path = category.json; sourceTree = "<group>"; };
		361445232BD00D8B00C173EB /* player.json */ = {isa = PBXFileReference; fileEncoding = 4; lastKnownFileType = text.json; path = player.json; sourceTree = "<group>"; };
		361445292BD00DE100C173EB /* Info.plist */ = {isa = PBXFileReference; lastKnownFileType = text.plist; path = Info.plist; sourceTree = "<group>"; };
		361445312BD00EFD00C173EB /* Constant.swift */ = {isa = PBXFileReference; lastKnownFileType = sourcecode.swift; path = Constant.swift; sourceTree = "<group>"; };
		361445332BD00FDD00C173EB /* FooterView.swift */ = {isa = PBXFileReference; lastKnownFileType = sourcecode.swift; path = FooterView.swift; sourceTree = "<group>"; };
		361445352BD01B1900C173EB /* NavigationBarVIew.swift */ = {isa = PBXFileReference; lastKnownFileType = sourcecode.swift; path = NavigationBarVIew.swift; sourceTree = "<group>"; };
		361445372BD01BDB00C173EB /* LogoView.swift */ = {isa = PBXFileReference; lastKnownFileType = sourcecode.swift; path = LogoView.swift; sourceTree = "<group>"; };
		361445392BD0209E00C173EB /* PlayerModel.swift */ = {isa = PBXFileReference; lastKnownFileType = sourcecode.swift; path = PlayerModel.swift; sourceTree = "<group>"; };
		3614453B2BD020D400C173EB /* CodableBundleExtension.swift */ = {isa = PBXFileReference; lastKnownFileType = sourcecode.swift; path = CodableBundleExtension.swift; sourceTree = "<group>"; };
		3614453D2BD0222100C173EB /* FeaturedItemView.swift */ = {isa = PBXFileReference; lastKnownFileType = sourcecode.swift; path = FeaturedItemView.swift; sourceTree = "<group>"; };
		3614453F2BD022E800C173EB /* FeaturedTabView.swift */ = {isa = PBXFileReference; lastKnownFileType = sourcecode.swift; path = FeaturedTabView.swift; sourceTree = "<group>"; };
		361445412BD0363A00C173EB /* CategoryModel.swift */ = {isa = PBXFileReference; lastKnownFileType = sourcecode.swift; path = CategoryModel.swift; sourceTree = "<group>"; };
		361445432BD04F2300C173EB /* CategoryItemView.swift */ = {isa = PBXFileReference; lastKnownFileType = sourcecode.swift; path = CategoryItemView.swift; sourceTree = "<group>"; };
		361445452BD060D700C173EB /* CategoryGridView.swift */ = {isa = PBXFileReference; lastKnownFileType = sourcecode.swift; path = CategoryGridView.swift; sourceTree = "<group>"; };
		361445472BD061C600C173EB /* SectionView.swift */ = {isa = PBXFileReference; lastKnownFileType = sourcecode.swift; path = SectionView.swift; sourceTree = "<group>"; };
		361445492BD0631500C173EB /* TitleView.swift */ = {isa = PBXFileReference; lastKnownFileType = sourcecode.swift; path = TitleView.swift; sourceTree = "<group>"; };
		3614454B2BD0638B00C173EB /* ProductModel.swift */ = {isa = PBXFileReference; lastKnownFileType = sourcecode.swift; path = ProductModel.swift; sourceTree = "<group>"; };
		3614454D2BD063FE00C173EB /* ProductItemView.swift */ = {isa = PBXFileReference; lastKnownFileType = sourcecode.swift; path = ProductItemView.swift; sourceTree = "<group>"; };
		3614454F2BD0668E00C173EB /* BrandModel.swift */ = {isa = PBXFileReference; lastKnownFileType = sourcecode.swift; path = BrandModel.swift; sourceTree = "<group>"; };
		361445512BD066CD00C173EB /* BrandItemView.swift */ = {isa = PBXFileReference; lastKnownFileType = sourcecode.swift; path = BrandItemView.swift; sourceTree = "<group>"; };
		361445532BD0674B00C173EB /* BrandGridView.swift */ = {isa = PBXFileReference; lastKnownFileType = sourcecode.swift; path = BrandGridView.swift; sourceTree = "<group>"; };
		361445552BD0686400C173EB /* ProductDetailView.swift */ = {isa = PBXFileReference; lastKnownFileType = sourcecode.swift; path = ProductDetailView.swift; sourceTree = "<group>"; };
		361445572BD068E300C173EB /* NavigationDetailView.swift */ = {isa = PBXFileReference; lastKnownFileType = sourcecode.swift; path = NavigationDetailView.swift; sourceTree = "<group>"; };
		361445592BD0698200C173EB /* HeaderDetailView.swift */ = {isa = PBXFileReference; lastKnownFileType = sourcecode.swift; path = HeaderDetailView.swift; sourceTree = "<group>"; };
		3614455E2BD06A2A00C173EB /* PaddingModifier.swift */ = {isa = PBXFileReference; lastKnownFileType = sourcecode.swift; path = PaddingModifier.swift; sourceTree = "<group>"; };
		361445602BD06AF300C173EB /* TopPartDetailView.swift */ = {isa = PBXFileReference; lastKnownFileType = sourcecode.swift; path = TopPartDetailView.swift; sourceTree = "<group>"; };
		361445622BD070FB00C173EB /* CustomShape.swift */ = {isa = PBXFileReference; lastKnownFileType = sourcecode.swift; path = CustomShape.swift; sourceTree = "<group>"; };
		361445642BD0727000C173EB /* RatingsSizesDetailView.swift */ = {isa = PBXFileReference; lastKnownFileType = sourcecode.swift; path = RatingsSizesDetailView.swift; sourceTree = "<group>"; };
		361445662BD074A800C173EB /* QuantityFavouriteDetailView.swift */ = {isa = PBXFileReference; lastKnownFileType = sourcecode.swift; path = QuantityFavouriteDetailView.swift; sourceTree = "<group>"; };
		361445682BD075CB00C173EB /* AddToCartDetailView.swift */ = {isa = PBXFileReference; lastKnownFileType = sourcecode.swift; path = AddToCartDetailView.swift; sourceTree = "<group>"; };
/* End PBXFileReference section */

/* Begin PBXFrameworksBuildPhase section */
		3614450C2BD00CDC00C173EB /* Frameworks */ = {
			isa = PBXFrameworksBuildPhase;
			buildActionMask = 2147483647;
			files = (
			);
			runOnlyForDeploymentPostprocessing = 0;
		};
/* End PBXFrameworksBuildPhase section */

/* Begin PBXGroup section */
		361445062BD00CDC00C173EB = {
			isa = PBXGroup;
			children = (
				361445112BD00CDD00C173EB /* TouchDown */,
				361445102BD00CDD00C173EB /* Products */,
			);
			sourceTree = "<group>";
		};
		361445102BD00CDD00C173EB /* Products */ = {
			isa = PBXGroup;
			children = (
				3614450F2BD00CDD00C173EB /* TouchDown.app */,
			);
			name = Products;
			sourceTree = "<group>";
		};
		361445112BD00CDD00C173EB /* TouchDown */ = {
			isa = PBXGroup;
			children = (
				3614455D2BD06A1900C173EB /* Modifier */,
				3614452A2BD00E8700C173EB /* App */,
				3614452B2BD00E8F00C173EB /* View */,
				361445282BD00D9700C173EB /* Data */,
				3614452E2BD00EA700C173EB /* Model */,
				361445302BD00EB500C173EB /* Utility */,
				3614452F2BD00EAE00C173EB /* Extension */,
				361445162BD00CDD00C173EB /* Assets.xcassets */,
				361445292BD00DE100C173EB /* Info.plist */,
				361445182BD00CDD00C173EB /* Preview Content */,
			);
			path = TouchDown;
			sourceTree = "<group>";
		};
		361445182BD00CDD00C173EB /* Preview Content */ = {
			isa = PBXGroup;
			children = (
				361445192BD00CDD00C173EB /* Preview Assets.xcassets */,
			);
			path = "Preview Content";
			sourceTree = "<group>";
		};
		361445282BD00D9700C173EB /* Data */ = {
			isa = PBXGroup;
			children = (
				361445202BD00D8B00C173EB /* brand.json */,
				361445222BD00D8B00C173EB /* category.json */,
				361445232BD00D8B00C173EB /* player.json */,
				361445212BD00D8B00C173EB /* product.json */,
			);
			path = Data;
			sourceTree = "<group>";
		};
		3614452A2BD00E8700C173EB /* App */ = {
			isa = PBXGroup;
			children = (
				361445122BD00CDD00C173EB /* TouchDownApp.swift */,
				361445142BD00CDD00C173EB /* ContentView.swift */,
				361445552BD0686400C173EB /* ProductDetailView.swift */,
			);
			path = App;
			sourceTree = "<group>";
		};
		3614452B2BD00E8F00C173EB /* View */ = {
			isa = PBXGroup;
			children = (
				3614452D2BD00E9800C173EB /* Home */,
				3614452C2BD00E9300C173EB /* Detail */,
			);
			path = View;
			sourceTree = "<group>";
		};
		3614452C2BD00E9300C173EB /* Detail */ = {
			isa = PBXGroup;
			children = (
				361445572BD068E300C173EB /* NavigationDetailView.swift */,
				361445592BD0698200C173EB /* HeaderDetailView.swift */,
				361445602BD06AF300C173EB /* TopPartDetailView.swift */,
				361445642BD0727000C173EB /* RatingsSizesDetailView.swift */,
				361445662BD074A800C173EB /* QuantityFavouriteDetailView.swift */,
				361445682BD075CB00C173EB /* AddToCartDetailView.swift */,
			);
			path = Detail;
			sourceTree = "<group>";
		};
		3614452D2BD00E9800C173EB /* Home */ = {
			isa = PBXGroup;
			children = (
				361445332BD00FDD00C173EB /* FooterView.swift */,
				361445352BD01B1900C173EB /* NavigationBarVIew.swift */,
				361445372BD01BDB00C173EB /* LogoView.swift */,
				3614453D2BD0222100C173EB /* FeaturedItemView.swift */,
				3614453F2BD022E800C173EB /* FeaturedTabView.swift */,
				361445432BD04F2300C173EB /* CategoryItemView.swift */,
				361445452BD060D700C173EB /* CategoryGridView.swift */,
				361445472BD061C600C173EB /* SectionView.swift */,
				361445492BD0631500C173EB /* TitleView.swift */,
				3614454D2BD063FE00C173EB /* ProductItemView.swift */,
				361445512BD066CD00C173EB /* BrandItemView.swift */,
				361445532BD0674B00C173EB /* BrandGridView.swift */,
			);
			path = Home;
			sourceTree = "<group>";
		};
		3614452E2BD00EA700C173EB /* Model */ = {
			isa = PBXGroup;
			children = (
				361445392BD0209E00C173EB /* PlayerModel.swift */,
				361445412BD0363A00C173EB /* CategoryModel.swift */,
				3614454B2BD0638B00C173EB /* ProductModel.swift */,
				3614454F2BD0668E00C173EB /* BrandModel.swift */,
			);
			path = Model;
			sourceTree = "<group>";
		};
		3614452F2BD00EAE00C173EB /* Extension */ = {
			isa = PBXGroup;
			children = (
				3614453B2BD020D400C173EB /* CodableBundleExtension.swift */,
			);
			path = Extension;
			sourceTree = "<group>";
		};
		361445302BD00EB500C173EB /* Utility */ = {
			isa = PBXGroup;
			children = (
				361445312BD00EFD00C173EB /* Constant.swift */,
				361445622BD070FB00C173EB /* CustomShape.swift */,
			);
			path = Utility;
			sourceTree = "<group>";
		};
		3614455D2BD06A1900C173EB /* Modifier */ = {
			isa = PBXGroup;
			children = (
				3614455E2BD06A2A00C173EB /* PaddingModifier.swift */,
			);
			path = Modifier;
			sourceTree = "<group>";
		};
/* End PBXGroup section */

/* Begin PBXNativeTarget section */
		3614450E2BD00CDC00C173EB /* TouchDown */ = {
			isa = PBXNativeTarget;
			buildConfigurationList = 3614451D2BD00CDD00C173EB /* Build configuration list for PBXNativeTarget "TouchDown" */;
			buildPhases = (
				3614450B2BD00CDC00C173EB /* Sources */,
				3614450C2BD00CDC00C173EB /* Frameworks */,
				3614450D2BD00CDC00C173EB /* Resources */,
			);
			buildRules = (
			);
			dependencies = (
			);
			name = TouchDown;
			productName = TouchDown;
			productReference = 3614450F2BD00CDD00C173EB /* TouchDown.app */;
			productType = "com.apple.product-type.application";
		};
/* End PBXNativeTarget section */

/* Begin PBXProject section */
		361445072BD00CDC00C173EB /* Project object */ = {
			isa = PBXProject;
			attributes = {
				BuildIndependentTargetsInParallel = 1;
				LastSwiftUpdateCheck = 1530;
				LastUpgradeCheck = 1530;
				TargetAttributes = {
					3614450E2BD00CDC00C173EB = {
						CreatedOnToolsVersion = 15.3;
					};
				};
			};
			buildConfigurationList = 3614450A2BD00CDC00C173EB /* Build configuration list for PBXProject "TouchDown" */;
			compatibilityVersion = "Xcode 14.0";
			developmentRegion = en;
			hasScannedForEncodings = 0;
			knownRegions = (
				en,
				Base,
			);
			mainGroup = 361445062BD00CDC00C173EB;
			productRefGroup = 361445102BD00CDD00C173EB /* Products */;
			projectDirPath = "";
			projectRoot = "";
			targets = (
				3614450E2BD00CDC00C173EB /* TouchDown */,
			);
		};
/* End PBXProject section */

/* Begin PBXResourcesBuildPhase section */
		3614450D2BD00CDC00C173EB /* Resources */ = {
			isa = PBXResourcesBuildPhase;
			buildActionMask = 2147483647;
			files = (
				361445272BD00D8B00C173EB /* player.json in Resources */,
				3614451A2BD00CDD00C173EB /* Preview Assets.xcassets in Resources */,
				361445252BD00D8B00C173EB /* product.json in Resources */,
				361445262BD00D8B00C173EB /* category.json in Resources */,
				361445172BD00CDD00C173EB /* Assets.xcassets in Resources */,
				361445242BD00D8B00C173EB /* brand.json in Resources */,
			);
			runOnlyForDeploymentPostprocessing = 0;
		};
/* End PBXResourcesBuildPhase section */

/* Begin PBXSourcesBuildPhase section */
		3614450B2BD00CDC00C173EB /* Sources */ = {
			isa = PBXSourcesBuildPhase;
			buildActionMask = 2147483647;
			files = (
				3614453C2BD020D400C173EB /* CodableBundleExtension.swift in Sources */,
				3614455A2BD0698200C173EB /* HeaderDetailView.swift in Sources */,
				361445152BD00CDD00C173EB /* ContentView.swift in Sources */,
				361445382BD01BDB00C173EB /* LogoView.swift in Sources */,
				361445342BD00FDD00C173EB /* FooterView.swift in Sources */,
				3614453E2BD0222100C173EB /* FeaturedItemView.swift in Sources */,
				361445672BD074A800C173EB /* QuantityFavouriteDetailView.swift in Sources */,
				3614454E2BD063FE00C173EB /* ProductItemView.swift in Sources */,
				361445542BD0674B00C173EB /* BrandGridView.swift in Sources */,
				361445362BD01B1900C173EB /* NavigationBarVIew.swift in Sources */,
				361445692BD075CB00C173EB /* AddToCartDetailView.swift in Sources */,
				361445612BD06AF300C173EB /* TopPartDetailView.swift in Sources */,
				361445562BD0686400C173EB /* ProductDetailView.swift in Sources */,
				361445132BD00CDD00C173EB /* TouchDownApp.swift in Sources */,
				361445632BD070FB00C173EB /* CustomShape.swift in Sources */,
				361445462BD060D700C173EB /* CategoryGridView.swift in Sources */,
				361445652BD0727000C173EB /* RatingsSizesDetailView.swift in Sources */,
				361445582BD068E300C173EB /* NavigationDetailView.swift in Sources */,
				361445422BD0363A00C173EB /* CategoryModel.swift in Sources */,
				361445322BD00EFD00C173EB /* Constant.swift in Sources */,
				361445482BD061C600C173EB /* SectionView.swift in Sources */,
				361445522BD066CD00C173EB /* BrandItemView.swift in Sources */,
				361445442BD04F2300C173EB /* CategoryItemView.swift in Sources */,
				361445402BD022E800C173EB /* FeaturedTabView.swift in Sources */,
				3614453A2BD0209E00C173EB /* PlayerModel.swift in Sources */,
				361445502BD0668E00C173EB /* BrandModel.swift in Sources */,
				3614454A2BD0631500C173EB /* TitleView.swift in Sources */,
				3614455F2BD06A2A00C173EB /* PaddingModifier.swift in Sources */,
				3614454C2BD0638B00C173EB /* ProductModel.swift in Sources */,
			);
			runOnlyForDeploymentPostprocessing = 0;
		};
/* End PBXSourcesBuildPhase section */

/* Begin XCBuildConfiguration section */
		3614451B2BD00CDD00C173EB /* Debug */ = {
			isa = XCBuildConfiguration;
			buildSettings = {
				ALWAYS_SEARCH_USER_PATHS = NO;
				ASSETCATALOG_COMPILER_GENERATE_SWIFT_ASSET_SYMBOL_EXTENSIONS = YES;
				CLANG_ANALYZER_NONNULL = YES;
				CLANG_ANALYZER_NUMBER_OBJECT_CONVERSION = YES_AGGRESSIVE;
				CLANG_CXX_LANGUAGE_STANDARD = "gnu++20";
				CLANG_ENABLE_MODULES = YES;
				CLANG_ENABLE_OBJC_ARC = YES;
				CLANG_ENABLE_OBJC_WEAK = YES;
				CLANG_WARN_BLOCK_CAPTURE_AUTORELEASING = YES;
				CLANG_WARN_BOOL_CONVERSION = YES;
				CLANG_WARN_COMMA = YES;
				CLANG_WARN_CONSTANT_CONVERSION = YES;
				CLANG_WARN_DEPRECATED_OBJC_IMPLEMENTATIONS = YES;
				CLANG_WARN_DIRECT_OBJC_ISA_USAGE = YES_ERROR;
				CLANG_WARN_DOCUMENTATION_COMMENTS = YES;
				CLANG_WARN_EMPTY_BODY = YES;
				CLANG_WARN_ENUM_CONVERSION = YES;
				CLANG_WARN_INFINITE_RECURSION = YES;
				CLANG_WARN_INT_CONVERSION = YES;
				CLANG_WARN_NON_LITERAL_NULL_CONVERSION = YES;
				CLANG_WARN_OBJC_IMPLICIT_RETAIN_SELF = YES;
				CLANG_WARN_OBJC_LITERAL_CONVERSION = YES;
				CLANG_WARN_OBJC_ROOT_CLASS = YES_ERROR;
				CLANG_WARN_QUOTED_INCLUDE_IN_FRAMEWORK_HEADER = YES;
				CLANG_WARN_RANGE_LOOP_ANALYSIS = YES;
				CLANG_WARN_STRICT_PROTOTYPES = YES;
				CLANG_WARN_SUSPICIOUS_MOVE = YES;
				CLANG_WARN_UNGUARDED_AVAILABILITY = YES_AGGRESSIVE;
				CLANG_WARN_UNREACHABLE_CODE = YES;
				CLANG_WARN__DUPLICATE_METHOD_MATCH = YES;
				COPY_PHASE_STRIP = NO;
				DEBUG_INFORMATION_FORMAT = dwarf;
				ENABLE_STRICT_OBJC_MSGSEND = YES;
				ENABLE_TESTABILITY = YES;
				ENABLE_USER_SCRIPT_SANDBOXING = YES;
				GCC_C_LANGUAGE_STANDARD = gnu17;
				GCC_DYNAMIC_NO_PIC = NO;
				GCC_NO_COMMON_BLOCKS = YES;
				GCC_OPTIMIZATION_LEVEL = 0;
				GCC_PREPROCESSOR_DEFINITIONS = (
					"DEBUG=1",
					"$(inherited)",
				);
				GCC_WARN_64_TO_32_BIT_CONVERSION = YES;
				GCC_WARN_ABOUT_RETURN_TYPE = YES_ERROR;
				GCC_WARN_UNDECLARED_SELECTOR = YES;
				GCC_WARN_UNINITIALIZED_AUTOS = YES_AGGRESSIVE;
				GCC_WARN_UNUSED_FUNCTION = YES;
				GCC_WARN_UNUSED_VARIABLE = YES;
				IPHONEOS_DEPLOYMENT_TARGET = 17.4;
				LOCALIZATION_PREFERS_STRING_CATALOGS = YES;
				MTL_ENABLE_DEBUG_INFO = INCLUDE_SOURCE;
				MTL_FAST_MATH = YES;
				ONLY_ACTIVE_ARCH = YES;
				SDKROOT = iphoneos;
				SWIFT_ACTIVE_COMPILATION_CONDITIONS = "DEBUG $(inherited)";
				SWIFT_OPTIMIZATION_LEVEL = "-Onone";
			};
			name = Debug;
		};
		3614451C2BD00CDD00C173EB /* Release */ = {
			isa = XCBuildConfiguration;
			buildSettings = {
				ALWAYS_SEARCH_USER_PATHS = NO;
				ASSETCATALOG_COMPILER_GENERATE_SWIFT_ASSET_SYMBOL_EXTENSIONS = YES;
				CLANG_ANALYZER_NONNULL = YES;
				CLANG_ANALYZER_NUMBER_OBJECT_CONVERSION = YES_AGGRESSIVE;
				CLANG_CXX_LANGUAGE_STANDARD = "gnu++20";
				CLANG_ENABLE_MODULES = YES;
				CLANG_ENABLE_OBJC_ARC = YES;
				CLANG_ENABLE_OBJC_WEAK = YES;
				CLANG_WARN_BLOCK_CAPTURE_AUTORELEASING = YES;
				CLANG_WARN_BOOL_CONVERSION = YES;
				CLANG_WARN_COMMA = YES;
				CLANG_WARN_CONSTANT_CONVERSION = YES;
				CLANG_WARN_DEPRECATED_OBJC_IMPLEMENTATIONS = YES;
				CLANG_WARN_DIRECT_OBJC_ISA_USAGE = YES_ERROR;
				CLANG_WARN_DOCUMENTATION_COMMENTS = YES;
				CLANG_WARN_EMPTY_BODY = YES;
				CLANG_WARN_ENUM_CONVERSION = YES;
				CLANG_WARN_INFINITE_RECURSION = YES;
				CLANG_WARN_INT_CONVERSION = YES;
				CLANG_WARN_NON_LITERAL_NULL_CONVERSION = YES;
				CLANG_WARN_OBJC_IMPLICIT_RETAIN_SELF = YES;
				CLANG_WARN_OBJC_LITERAL_CONVERSION = YES;
				CLANG_WARN_OBJC_ROOT_CLASS = YES_ERROR;
				CLANG_WARN_QUOTED_INCLUDE_IN_FRAMEWORK_HEADER = YES;
				CLANG_WARN_RANGE_LOOP_ANALYSIS = YES;
				CLANG_WARN_STRICT_PROTOTYPES = YES;
				CLANG_WARN_SUSPICIOUS_MOVE = YES;
				CLANG_WARN_UNGUARDED_AVAILABILITY = YES_AGGRESSIVE;
				CLANG_WARN_UNREACHABLE_CODE = YES;
				CLANG_WARN__DUPLICATE_METHOD_MATCH = YES;
				COPY_PHASE_STRIP = NO;
				DEBUG_INFORMATION_FORMAT = "dwarf-with-dsym";
				ENABLE_NS_ASSERTIONS = NO;
				ENABLE_STRICT_OBJC_MSGSEND = YES;
				ENABLE_USER_SCRIPT_SANDBOXING = YES;
				GCC_C_LANGUAGE_STANDARD = gnu17;
				GCC_NO_COMMON_BLOCKS = YES;
				GCC_WARN_64_TO_32_BIT_CONVERSION = YES;
				GCC_WARN_ABOUT_RETURN_TYPE = YES_ERROR;
				GCC_WARN_UNDECLARED_SELECTOR = YES;
				GCC_WARN_UNINITIALIZED_AUTOS = YES_AGGRESSIVE;
				GCC_WARN_UNUSED_FUNCTION = YES;
				GCC_WARN_UNUSED_VARIABLE = YES;
				IPHONEOS_DEPLOYMENT_TARGET = 17.4;
				LOCALIZATION_PREFERS_STRING_CATALOGS = YES;
				MTL_ENABLE_DEBUG_INFO = NO;
				MTL_FAST_MATH = YES;
				SDKROOT = iphoneos;
				SWIFT_COMPILATION_MODE = wholemodule;
				VALIDATE_PRODUCT = YES;
			};
			name = Release;
		};
		3614451E2BD00CDD00C173EB /* Debug */ = {
			isa = XCBuildConfiguration;
			buildSettings = {
				ASSETCATALOG_COMPILER_APPICON_NAME = AppIcon;
				ASSETCATALOG_COMPILER_GLOBAL_ACCENT_COLOR_NAME = AccentColor;
				CODE_SIGN_STYLE = Automatic;
				CURRENT_PROJECT_VERSION = 1;
				DEVELOPMENT_ASSET_PATHS = "\"TouchDown/Preview Content\"";
				DEVELOPMENT_TEAM = S5UCK9GBFJ;
				ENABLE_PREVIEWS = YES;
				GENERATE_INFOPLIST_FILE = YES;
				INFOPLIST_FILE = TouchDown/Info.plist;
				INFOPLIST_KEY_UIApplicationSceneManifest_Generation = YES;
				INFOPLIST_KEY_UIApplicationSupportsIndirectInputEvents = YES;
				INFOPLIST_KEY_UISupportedInterfaceOrientations = UIInterfaceOrientationPortrait;
				INFOPLIST_KEY_UISupportedInterfaceOrientations_iPad = "UIInterfaceOrientationLandscapeLeft UIInterfaceOrientationLandscapeRight UIInterfaceOrientationPortrait UIInterfaceOrientationPortraitUpsideDown";
				INFOPLIST_KEY_UIUserInterfaceStyle = Light;
				LD_RUNPATH_SEARCH_PATHS = (
					"$(inherited)",
					"@executable_path/Frameworks",
				);
				MARKETING_VERSION = 1.0;
				PRODUCT_BUNDLE_IDENTIFIER = com.gmail.dasom8899981.TouchDown;
				PRODUCT_NAME = "$(TARGET_NAME)";
				SWIFT_EMIT_LOC_STRINGS = YES;
				SWIFT_VERSION = 5.0;
				TARGETED_DEVICE_FAMILY = "1,2";
			};
			name = Debug;
		};
		3614451F2BD00CDD00C173EB /* Release */ = {
			isa = XCBuildConfiguration;
			buildSettings = {
				ASSETCATALOG_COMPILER_APPICON_NAME = AppIcon;
				ASSETCATALOG_COMPILER_GLOBAL_ACCENT_COLOR_NAME = AccentColor;
				CODE_SIGN_STYLE = Automatic;
				CURRENT_PROJECT_VERSION = 1;
				DEVELOPMENT_ASSET_PATHS = "\"TouchDown/Preview Content\"";
				DEVELOPMENT_TEAM = S5UCK9GBFJ;
				ENABLE_PREVIEWS = YES;
				GENERATE_INFOPLIST_FILE = YES;
				INFOPLIST_FILE = TouchDown/Info.plist;
				INFOPLIST_KEY_UIApplicationSceneManifest_Generation = YES;
				INFOPLIST_KEY_UIApplicationSupportsIndirectInputEvents = YES;
				INFOPLIST_KEY_UISupportedInterfaceOrientations = UIInterfaceOrientationPortrait;
				INFOPLIST_KEY_UISupportedInterfaceOrientations_iPad = "UIInterfaceOrientationLandscapeLeft UIInterfaceOrientationLandscapeRight UIInterfaceOrientationPortrait UIInterfaceOrientationPortraitUpsideDown";
				INFOPLIST_KEY_UIUserInterfaceStyle = Light;
				LD_RUNPATH_SEARCH_PATHS = (
					"$(inherited)",
					"@executable_path/Frameworks",
				);
				MARKETING_VERSION = 1.0;
				PRODUCT_BUNDLE_IDENTIFIER = com.gmail.dasom8899981.TouchDown;
				PRODUCT_NAME = "$(TARGET_NAME)";
				SWIFT_EMIT_LOC_STRINGS = YES;
				SWIFT_VERSION = 5.0;
				TARGETED_DEVICE_FAMILY = "1,2";
			};
			name = Release;
		};
/* End XCBuildConfiguration section */

/* Begin XCConfigurationList section */
		3614450A2BD00CDC00C173EB /* Build configuration list for PBXProject "TouchDown" */ = {
			isa = XCConfigurationList;
			buildConfigurations = (
				3614451B2BD00CDD00C173EB /* Debug */,
				3614451C2BD00CDD00C173EB /* Release */,
			);
			defaultConfigurationIsVisible = 0;
			defaultConfigurationName = Release;
		};
		3614451D2BD00CDD00C173EB /* Build configuration list for PBXNativeTarget "TouchDown" */ = {
			isa = XCConfigurationList;
			buildConfigurations = (
				3614451E2BD00CDD00C173EB /* Debug */,
				3614451F2BD00CDD00C173EB /* Release */,
			);
			defaultConfigurationIsVisible = 0;
			defaultConfigurationName = Release;
		};
/* End XCConfigurationList section */
	};
	rootObject = 361445072BD00CDC00C173EB /* Project object */;
}
