// !$*UTF8*$!
{
	archiveVersion = 1;
	classes = {
	};
	objectVersion = 56;
	objects = {

/* Begin PBXBuildFile section */
		36278C2E2BC80EED0049A8ED /* InsetFactView.swift in Sources */ = {isa = PBXBuildFile; fileRef = 36278C2D2BC80EED0049A8ED /* InsetFactView.swift */; };
		36278C302BC8111C0049A8ED /* InsetMapView.swift in Sources */ = {isa = PBXBuildFile; fileRef = 36278C2F2BC8111C0049A8ED /* InsetMapView.swift */; };
		36278C322BC82D370049A8ED /* ExternalWebView.swift in Sources */ = {isa = PBXBuildFile; fileRef = 36278C312BC82D370049A8ED /* ExternalWebView.swift */; };
		3632B4C12BBE89A400F39280 /* MainView.swift in Sources */ = {isa = PBXBuildFile; fileRef = 3632B4C02BBE89A400F39280 /* MainView.swift */; };
		3632B4C42BBEC19E00F39280 /* CoverImageView.swift in Sources */ = {isa = PBXBuildFile; fileRef = 3632B4C32BBEC19E00F39280 /* CoverImageView.swift */; };
		3632B4C72BBEC3D800F39280 /* CoverImageModel.swift in Sources */ = {isa = PBXBuildFile; fileRef = 3632B4C62BBEC3D800F39280 /* CoverImageModel.swift */; };
		3632B4CA2BBEC4FC00F39280 /* CodableBundleExtension.swift in Sources */ = {isa = PBXBuildFile; fileRef = 3632B4C92BBEC4FC00F39280 /* CodableBundleExtension.swift */; };
		366926F22BBC20B3005B8C68 /* AfricaApp.swift in Sources */ = {isa = PBXBuildFile; fileRef = 366926F12BBC20B3005B8C68 /* AfricaApp.swift */; };
		366926F42BBC20B3005B8C68 /* ContentView.swift in Sources */ = {isa = PBXBuildFile; fileRef = 366926F32BBC20B3005B8C68 /* ContentView.swift */; };
		366926F62BBC20B4005B8C68 /* Assets.xcassets in Resources */ = {isa = PBXBuildFile; fileRef = 366926F52BBC20B4005B8C68 /* Assets.xcassets */; };
		366926F92BBC20B4005B8C68 /* Preview Assets.xcassets in Resources */ = {isa = PBXBuildFile; fileRef = 366926F82BBC20B4005B8C68 /* Preview Assets.xcassets */; };
		368E529A2BC7D9F90008E895 /* AnimalDetailView.swift in Sources */ = {isa = PBXBuildFile; fileRef = 368E52992BC7D9F90008E895 /* AnimalDetailView.swift */; };
		368E529C2BC7DBFE0008E895 /* HeadingView.swift in Sources */ = {isa = PBXBuildFile; fileRef = 368E529B2BC7DBFE0008E895 /* HeadingView.swift */; };
		368E529E2BC7E1450008E895 /* InsetGalleryView.swift in Sources */ = {isa = PBXBuildFile; fileRef = 368E529D2BC7E1450008E895 /* InsetGalleryView.swift */; };
		3692D4602BC541BB00C14913 /* AnimalListItemView.swift in Sources */ = {isa = PBXBuildFile; fileRef = 3692D45F2BC541BB00C14913 /* AnimalListItemView.swift */; };
		3692D4622BC5439200C14913 /* AnimalModel.swift in Sources */ = {isa = PBXBuildFile; fileRef = 3692D4612BC5439200C14913 /* AnimalModel.swift */; };
		36AE0D2B2BBE5D3B00CD2D37 /* rhino.mp4 in Resources */ = {isa = PBXBuildFile; fileRef = 36AE0D222BBE5D3900CD2D37 /* rhino.mp4 */; };
		36AE0D2C2BBE5D3B00CD2D37 /* hippo.mp4 in Resources */ = {isa = PBXBuildFile; fileRef = 36AE0D232BBE5D3900CD2D37 /* hippo.mp4 */; };
		36AE0D2D2BBE5D3B00CD2D37 /* gorilla.mp4 in Resources */ = {isa = PBXBuildFile; fileRef = 36AE0D242BBE5D3900CD2D37 /* gorilla.mp4 */; };
		36AE0D2E2BBE5D3B00CD2D37 /* giraffe.mp4 in Resources */ = {isa = PBXBuildFile; fileRef = 36AE0D252BBE5D3900CD2D37 /* giraffe.mp4 */; };
		36AE0D2F2BBE5D3B00CD2D37 /* lioness.mp4 in Resources */ = {isa = PBXBuildFile; fileRef = 36AE0D262BBE5D3A00CD2D37 /* lioness.mp4 */; };
		36AE0D302BBE5D3B00CD2D37 /* cheetah.mp4 in Resources */ = {isa = PBXBuildFile; fileRef = 36AE0D272BBE5D3A00CD2D37 /* cheetah.mp4 */; };
		36AE0D312BBE5D3B00CD2D37 /* zebra.mp4 in Resources */ = {isa = PBXBuildFile; fileRef = 36AE0D282BBE5D3A00CD2D37 /* zebra.mp4 */; };
		36AE0D322BBE5D3B00CD2D37 /* ostrich.mp4 in Resources */ = {isa = PBXBuildFile; fileRef = 36AE0D292BBE5D3A00CD2D37 /* ostrich.mp4 */; };
		36AE0D332BBE5D3B00CD2D37 /* elephant.mp4 in Resources */ = {isa = PBXBuildFile; fileRef = 36AE0D2A2BBE5D3B00CD2D37 /* elephant.mp4 */; };
		36AE0D392BBE65A600CD2D37 /* animals.json in Resources */ = {isa = PBXBuildFile; fileRef = 36AE0D352BBE65A600CD2D37 /* animals.json */; };
		36AE0D3A2BBE65A600CD2D37 /* covers.json in Resources */ = {isa = PBXBuildFile; fileRef = 36AE0D362BBE65A600CD2D37 /* covers.json */; };
		36AE0D3B2BBE65A600CD2D37 /* locations.json in Resources */ = {isa = PBXBuildFile; fileRef = 36AE0D372BBE65A600CD2D37 /* locations.json */; };
		36AE0D3C2BBE65A600CD2D37 /* videos.json in Resources */ = {isa = PBXBuildFile; fileRef = 36AE0D382BBE65A600CD2D37 /* videos.json */; };
		36AE0D402BBE683800CD2D37 /* VideoListView.swift in Sources */ = {isa = PBXBuildFile; fileRef = 36AE0D3F2BBE683800CD2D37 /* VideoListView.swift */; };
		36AE0D422BBE684500CD2D37 /* MapView.swift in Sources */ = {isa = PBXBuildFile; fileRef = 36AE0D412BBE684500CD2D37 /* MapView.swift */; };
		36AE0D442BBE685800CD2D37 /* GalleryView.swift in Sources */ = {isa = PBXBuildFile; fileRef = 36AE0D432BBE685800CD2D37 /* GalleryView.swift */; };
/* End PBXBuildFile section */

/* Begin PBXFileReference section */
		36278C2D2BC80EED0049A8ED /* InsetFactView.swift */ = {isa = PBXFileReference; lastKnownFileType = sourcecode.swift; path = InsetFactView.swift; sourceTree = "<group>"; };
		36278C2F2BC8111C0049A8ED /* InsetMapView.swift */ = {isa = PBXFileReference; lastKnownFileType = sourcecode.swift; path = InsetMapView.swift; sourceTree = "<group>"; };
		36278C312BC82D370049A8ED /* ExternalWebView.swift */ = {isa = PBXFileReference; lastKnownFileType = sourcecode.swift; path = ExternalWebView.swift; sourceTree = "<group>"; };
		3632B4C02BBE89A400F39280 /* MainView.swift */ = {isa = PBXFileReference; lastKnownFileType = sourcecode.swift; path = MainView.swift; sourceTree = "<group>"; };
		3632B4C32BBEC19E00F39280 /* CoverImageView.swift */ = {isa = PBXFileReference; lastKnownFileType = sourcecode.swift; path = CoverImageView.swift; sourceTree = "<group>"; };
		3632B4C62BBEC3D800F39280 /* CoverImageModel.swift */ = {isa = PBXFileReference; lastKnownFileType = sourcecode.swift; path = CoverImageModel.swift; sourceTree = "<group>"; };
		3632B4C92BBEC4FC00F39280 /* CodableBundleExtension.swift */ = {isa = PBXFileReference; lastKnownFileType = sourcecode.swift; path = CodableBundleExtension.swift; sourceTree = "<group>"; };
		366926EE2BBC20B3005B8C68 /* Africa.app */ = {isa = PBXFileReference; explicitFileType = wrapper.application; includeInIndex = 0; path = Africa.app; sourceTree = BUILT_PRODUCTS_DIR; };
		366926F12BBC20B3005B8C68 /* AfricaApp.swift */ = {isa = PBXFileReference; lastKnownFileType = sourcecode.swift; path = AfricaApp.swift; sourceTree = "<group>"; };
		366926F32BBC20B3005B8C68 /* ContentView.swift */ = {isa = PBXFileReference; lastKnownFileType = sourcecode.swift; path = ContentView.swift; sourceTree = "<group>"; };
		366926F52BBC20B4005B8C68 /* Assets.xcassets */ = {isa = PBXFileReference; lastKnownFileType = folder.assetcatalog; path = Assets.xcassets; sourceTree = "<group>"; };
		366926F82BBC20B4005B8C68 /* Preview Assets.xcassets */ = {isa = PBXFileReference; lastKnownFileType = folder.assetcatalog; path = "Preview Assets.xcassets"; sourceTree = "<group>"; };
		368E52992BC7D9F90008E895 /* AnimalDetailView.swift */ = {isa = PBXFileReference; lastKnownFileType = sourcecode.swift; path = AnimalDetailView.swift; sourceTree = "<group>"; };
		368E529B2BC7DBFE0008E895 /* HeadingView.swift */ = {isa = PBXFileReference; lastKnownFileType = sourcecode.swift; path = HeadingView.swift; sourceTree = "<group>"; };
		368E529D2BC7E1450008E895 /* InsetGalleryView.swift */ = {isa = PBXFileReference; lastKnownFileType = sourcecode.swift; path = InsetGalleryView.swift; sourceTree = "<group>"; };
		3692D45F2BC541BB00C14913 /* AnimalListItemView.swift */ = {isa = PBXFileReference; lastKnownFileType = sourcecode.swift; path = AnimalListItemView.swift; sourceTree = "<group>"; };
		3692D4612BC5439200C14913 /* AnimalModel.swift */ = {isa = PBXFileReference; lastKnownFileType = sourcecode.swift; path = AnimalModel.swift; sourceTree = "<group>"; };
		36AE0D222BBE5D3900CD2D37 /* rhino.mp4 */ = {isa = PBXFileReference; lastKnownFileType = file; path = rhino.mp4; sourceTree = "<group>"; };
		36AE0D232BBE5D3900CD2D37 /* hippo.mp4 */ = {isa = PBXFileReference; lastKnownFileType = file; path = hippo.mp4; sourceTree = "<group>"; };
		36AE0D242BBE5D3900CD2D37 /* gorilla.mp4 */ = {isa = PBXFileReference; lastKnownFileType = file; path = gorilla.mp4; sourceTree = "<group>"; };
		36AE0D252BBE5D3900CD2D37 /* giraffe.mp4 */ = {isa = PBXFileReference; lastKnownFileType = file; path = giraffe.mp4; sourceTree = "<group>"; };
		36AE0D262BBE5D3A00CD2D37 /* lioness.mp4 */ = {isa = PBXFileReference; lastKnownFileType = file; path = lioness.mp4; sourceTree = "<group>"; };
		36AE0D272BBE5D3A00CD2D37 /* cheetah.mp4 */ = {isa = PBXFileReference; lastKnownFileType = file; path = cheetah.mp4; sourceTree = "<group>"; };
		36AE0D282BBE5D3A00CD2D37 /* zebra.mp4 */ = {isa = PBXFileReference; lastKnownFileType = file; path = zebra.mp4; sourceTree = "<group>"; };
		36AE0D292BBE5D3A00CD2D37 /* ostrich.mp4 */ = {isa = PBXFileReference; lastKnownFileType = file; path = ostrich.mp4; sourceTree = "<group>"; };
		36AE0D2A2BBE5D3B00CD2D37 /* elephant.mp4 */ = {isa = PBXFileReference; lastKnownFileType = file; path = elephant.mp4; sourceTree = "<group>"; };
		36AE0D352BBE65A600CD2D37 /* animals.json */ = {isa = PBXFileReference; fileEncoding = 4; lastKnownFileType = text.json; path = animals.json; sourceTree = "<group>"; };
		36AE0D362BBE65A600CD2D37 /* covers.json */ = {isa = PBXFileReference; fileEncoding = 4; lastKnownFileType = text.json; path = covers.json; sourceTree = "<group>"; };
		36AE0D372BBE65A600CD2D37 /* locations.json */ = {isa = PBXFileReference; fileEncoding = 4; lastKnownFileType = text.json; path = locations.json; sourceTree = "<group>"; };
		36AE0D382BBE65A600CD2D37 /* videos.json */ = {isa = PBXFileReference; fileEncoding = 4; lastKnownFileType = text.json; path = videos.json; sourceTree = "<group>"; };
		36AE0D3D2BBE66E300CD2D37 /* Info.plist */ = {isa = PBXFileReference; lastKnownFileType = text.plist; path = Info.plist; sourceTree = "<group>"; };
		36AE0D3F2BBE683800CD2D37 /* VideoListView.swift */ = {isa = PBXFileReference; lastKnownFileType = sourcecode.swift; path = VideoListView.swift; sourceTree = "<group>"; };
		36AE0D412BBE684500CD2D37 /* MapView.swift */ = {isa = PBXFileReference; lastKnownFileType = sourcecode.swift; path = MapView.swift; sourceTree = "<group>"; };
		36AE0D432BBE685800CD2D37 /* GalleryView.swift */ = {isa = PBXFileReference; lastKnownFileType = sourcecode.swift; path = GalleryView.swift; sourceTree = "<group>"; };
/* End PBXFileReference section */

/* Begin PBXFrameworksBuildPhase section */
		366926EB2BBC20B3005B8C68 /* Frameworks */ = {
			isa = PBXFrameworksBuildPhase;
			buildActionMask = 2147483647;
			files = (
			);
			runOnlyForDeploymentPostprocessing = 0;
		};
/* End PBXFrameworksBuildPhase section */

/* Begin PBXGroup section */
		3632B4C22BBEC19000F39280 /* View */ = {
			isa = PBXGroup;
			children = (
				3632B4C32BBEC19E00F39280 /* CoverImageView.swift */,
				3692D45F2BC541BB00C14913 /* AnimalListItemView.swift */,
				368E52992BC7D9F90008E895 /* AnimalDetailView.swift */,
				368E529B2BC7DBFE0008E895 /* HeadingView.swift */,
				368E529D2BC7E1450008E895 /* InsetGalleryView.swift */,
				36278C2D2BC80EED0049A8ED /* InsetFactView.swift */,
				36278C2F2BC8111C0049A8ED /* InsetMapView.swift */,
				36278C312BC82D370049A8ED /* ExternalWebView.swift */,
			);
			path = View;
			sourceTree = "<group>";
		};
		3632B4C52BBEC3C700F39280 /* Model */ = {
			isa = PBXGroup;
			children = (
				3632B4C62BBEC3D800F39280 /* CoverImageModel.swift */,
				3692D4612BC5439200C14913 /* AnimalModel.swift */,
			);
			path = Model;
			sourceTree = "<group>";
		};
		3632B4C82BBEC4EC00F39280 /* Extension */ = {
			isa = PBXGroup;
			children = (
				3632B4C92BBEC4FC00F39280 /* CodableBundleExtension.swift */,
			);
			path = Extension;
			sourceTree = "<group>";
		};
		366926E52BBC20B3005B8C68 = {
			isa = PBXGroup;
			children = (
				366926F02BBC20B3005B8C68 /* Africa */,
				366926EF2BBC20B3005B8C68 /* Products */,
			);
			sourceTree = "<group>";
		};
		366926EF2BBC20B3005B8C68 /* Products */ = {
			isa = PBXGroup;
			children = (
				366926EE2BBC20B3005B8C68 /* Africa.app */,
			);
			name = Products;
			sourceTree = "<group>";
		};
		366926F02BBC20B3005B8C68 /* Africa */ = {
			isa = PBXGroup;
			children = (
				36AE0D3E2BBE67F400CD2D37 /* App */,
				3632B4C22BBEC19000F39280 /* View */,
				3632B4C82BBEC4EC00F39280 /* Extension */,
				3632B4C52BBEC3C700F39280 /* Model */,
				36AE0D3D2BBE66E300CD2D37 /* Info.plist */,
				36AE0D342BBE659000CD2D37 /* Data */,
				36AE0D212BBE5D0A00CD2D37 /* Video */,
				366926F52BBC20B4005B8C68 /* Assets.xcassets */,
				366926F72BBC20B4005B8C68 /* Preview Content */,
			);
			path = Africa;
			sourceTree = "<group>";
		};
		366926F72BBC20B4005B8C68 /* Preview Content */ = {
			isa = PBXGroup;
			children = (
				366926F82BBC20B4005B8C68 /* Preview Assets.xcassets */,
			);
			path = "Preview Content";
			sourceTree = "<group>";
		};
		36AE0D212BBE5D0A00CD2D37 /* Video */ = {
			isa = PBXGroup;
			children = (
				36AE0D272BBE5D3A00CD2D37 /* cheetah.mp4 */,
				36AE0D2A2BBE5D3B00CD2D37 /* elephant.mp4 */,
				36AE0D252BBE5D3900CD2D37 /* giraffe.mp4 */,
				36AE0D242BBE5D3900CD2D37 /* gorilla.mp4 */,
				36AE0D232BBE5D3900CD2D37 /* hippo.mp4 */,
				36AE0D262BBE5D3A00CD2D37 /* lioness.mp4 */,
				36AE0D292BBE5D3A00CD2D37 /* ostrich.mp4 */,
				36AE0D222BBE5D3900CD2D37 /* rhino.mp4 */,
				36AE0D282BBE5D3A00CD2D37 /* zebra.mp4 */,
			);
			path = Video;
			sourceTree = "<group>";
		};
		36AE0D342BBE659000CD2D37 /* Data */ = {
			isa = PBXGroup;
			children = (
				36AE0D352BBE65A600CD2D37 /* animals.json */,
				36AE0D362BBE65A600CD2D37 /* covers.json */,
				36AE0D372BBE65A600CD2D37 /* locations.json */,
				36AE0D382BBE65A600CD2D37 /* videos.json */,
			);
			path = Data;
			sourceTree = "<group>";
		};
		36AE0D3E2BBE67F400CD2D37 /* App */ = {
			isa = PBXGroup;
			children = (
				366926F12BBC20B3005B8C68 /* AfricaApp.swift */,
				36AE0D432BBE685800CD2D37 /* GalleryView.swift */,
				36AE0D412BBE684500CD2D37 /* MapView.swift */,
				366926F32BBC20B3005B8C68 /* ContentView.swift */,
				36AE0D3F2BBE683800CD2D37 /* VideoListView.swift */,
				3632B4C02BBE89A400F39280 /* MainView.swift */,
			);
			path = App;
			sourceTree = "<group>";
		};
/* End PBXGroup section */

/* Begin PBXNativeTarget section */
		366926ED2BBC20B3005B8C68 /* Africa */ = {
			isa = PBXNativeTarget;
			buildConfigurationList = 366926FC2BBC20B4005B8C68 /* Build configuration list for PBXNativeTarget "Africa" */;
			buildPhases = (
				366926EA2BBC20B3005B8C68 /* Sources */,
				366926EB2BBC20B3005B8C68 /* Frameworks */,
				366926EC2BBC20B3005B8C68 /* Resources */,
			);
			buildRules = (
			);
			dependencies = (
			);
			name = Africa;
			productName = Africa;
			productReference = 366926EE2BBC20B3005B8C68 /* Africa.app */;
			productType = "com.apple.product-type.application";
		};
/* End PBXNativeTarget section */

/* Begin PBXProject section */
		366926E62BBC20B3005B8C68 /* Project object */ = {
			isa = PBXProject;
			attributes = {
				BuildIndependentTargetsInParallel = 1;
				LastSwiftUpdateCheck = 1530;
				LastUpgradeCheck = 1530;
				TargetAttributes = {
					366926ED2BBC20B3005B8C68 = {
						CreatedOnToolsVersion = 15.3;
					};
				};
			};
			buildConfigurationList = 366926E92BBC20B3005B8C68 /* Build configuration list for PBXProject "Africa" */;
			compatibilityVersion = "Xcode 14.0";
			developmentRegion = en;
			hasScannedForEncodings = 0;
			knownRegions = (
				en,
				Base,
			);
			mainGroup = 366926E52BBC20B3005B8C68;
			productRefGroup = 366926EF2BBC20B3005B8C68 /* Products */;
			projectDirPath = "";
			projectRoot = "";
			targets = (
				366926ED2BBC20B3005B8C68 /* Africa */,
			);
		};
/* End PBXProject section */

/* Begin PBXResourcesBuildPhase section */
		366926EC2BBC20B3005B8C68 /* Resources */ = {
			isa = PBXResourcesBuildPhase;
			buildActionMask = 2147483647;
			files = (
				36AE0D3B2BBE65A600CD2D37 /* locations.json in Resources */,
				36AE0D3A2BBE65A600CD2D37 /* covers.json in Resources */,
				36AE0D3C2BBE65A600CD2D37 /* videos.json in Resources */,
				36AE0D2C2BBE5D3B00CD2D37 /* hippo.mp4 in Resources */,
				36AE0D2B2BBE5D3B00CD2D37 /* rhino.mp4 in Resources */,
				36AE0D2E2BBE5D3B00CD2D37 /* giraffe.mp4 in Resources */,
				36AE0D2D2BBE5D3B00CD2D37 /* gorilla.mp4 in Resources */,
				36AE0D302BBE5D3B00CD2D37 /* cheetah.mp4 in Resources */,
				366926F92BBC20B4005B8C68 /* Preview Assets.xcassets in Resources */,
				36AE0D2F2BBE5D3B00CD2D37 /* lioness.mp4 in Resources */,
				36AE0D312BBE5D3B00CD2D37 /* zebra.mp4 in Resources */,
				36AE0D322BBE5D3B00CD2D37 /* ostrich.mp4 in Resources */,
				36AE0D392BBE65A600CD2D37 /* animals.json in Resources */,
				366926F62BBC20B4005B8C68 /* Assets.xcassets in Resources */,
				36AE0D332BBE5D3B00CD2D37 /* elephant.mp4 in Resources */,
			);
			runOnlyForDeploymentPostprocessing = 0;
		};
/* End PBXResourcesBuildPhase section */

/* Begin PBXSourcesBuildPhase section */
		366926EA2BBC20B3005B8C68 /* Sources */ = {
			isa = PBXSourcesBuildPhase;
			buildActionMask = 2147483647;
			files = (
				366926F42BBC20B3005B8C68 /* ContentView.swift in Sources */,
				3692D4602BC541BB00C14913 /* AnimalListItemView.swift in Sources */,
				3632B4C12BBE89A400F39280 /* MainView.swift in Sources */,
				36278C2E2BC80EED0049A8ED /* InsetFactView.swift in Sources */,
				3632B4C42BBEC19E00F39280 /* CoverImageView.swift in Sources */,
				3632B4C72BBEC3D800F39280 /* CoverImageModel.swift in Sources */,
				368E529A2BC7D9F90008E895 /* AnimalDetailView.swift in Sources */,
				3692D4622BC5439200C14913 /* AnimalModel.swift in Sources */,
				36AE0D422BBE684500CD2D37 /* MapView.swift in Sources */,
				36278C302BC8111C0049A8ED /* InsetMapView.swift in Sources */,
				366926F22BBC20B3005B8C68 /* AfricaApp.swift in Sources */,
				36AE0D402BBE683800CD2D37 /* VideoListView.swift in Sources */,
				36AE0D442BBE685800CD2D37 /* GalleryView.swift in Sources */,
				368E529E2BC7E1450008E895 /* InsetGalleryView.swift in Sources */,
				3632B4CA2BBEC4FC00F39280 /* CodableBundleExtension.swift in Sources */,
				36278C322BC82D370049A8ED /* ExternalWebView.swift in Sources */,
				368E529C2BC7DBFE0008E895 /* HeadingView.swift in Sources */,
			);
			runOnlyForDeploymentPostprocessing = 0;
		};
/* End PBXSourcesBuildPhase section */

/* Begin XCBuildConfiguration section */
		366926FA2BBC20B4005B8C68 /* Debug */ = {
			isa = XCBuildConfiguration;
			buildSettings = {
				ALWAYS_SEARCH_USER_PATHS = NO;
				ASSETCATALOG_COMPILER_GENERATE_SWIFT_ASSET_SYMBOL_EXTENSIONS = YES;
				CLANG_ANALYZER_NONNULL = YES;
				CLANG_ANALYZER_NUMBER_OBJECT_CONVERSION = YES_AGGRESSIVE;
				CLANG_CXX_LANGUAGE_STANDARD = "gnu++20";
				CLANG_ENABLE_MODULES = YES;
				CLANG_ENABLE_OBJC_ARC = YES;
				CLANG_ENABLE_OBJC_WEAK = YES;
				CLANG_WARN_BLOCK_CAPTURE_AUTORELEASING = YES;
				CLANG_WARN_BOOL_CONVERSION = YES;
				CLANG_WARN_COMMA = YES;
				CLANG_WARN_CONSTANT_CONVERSION = YES;
				CLANG_WARN_DEPRECATED_OBJC_IMPLEMENTATIONS = YES;
				CLANG_WARN_DIRECT_OBJC_ISA_USAGE = YES_ERROR;
				CLANG_WARN_DOCUMENTATION_COMMENTS = YES;
				CLANG_WARN_EMPTY_BODY = YES;
				CLANG_WARN_ENUM_CONVERSION = YES;
				CLANG_WARN_INFINITE_RECURSION = YES;
				CLANG_WARN_INT_CONVERSION = YES;
				CLANG_WARN_NON_LITERAL_NULL_CONVERSION = YES;
				CLANG_WARN_OBJC_IMPLICIT_RETAIN_SELF = YES;
				CLANG_WARN_OBJC_LITERAL_CONVERSION = YES;
				CLANG_WARN_OBJC_ROOT_CLASS = YES_ERROR;
				CLANG_WARN_QUOTED_INCLUDE_IN_FRAMEWORK_HEADER = YES;
				CLANG_WARN_RANGE_LOOP_ANALYSIS = YES;
				CLANG_WARN_STRICT_PROTOTYPES = YES;
				CLANG_WARN_SUSPICIOUS_MOVE = YES;
				CLANG_WARN_UNGUARDED_AVAILABILITY = YES_AGGRESSIVE;
				CLANG_WARN_UNREACHABLE_CODE = YES;
				CLANG_WARN__DUPLICATE_METHOD_MATCH = YES;
				COPY_PHASE_STRIP = NO;
				DEBUG_INFORMATION_FORMAT = dwarf;
				ENABLE_STRICT_OBJC_MSGSEND = YES;
				ENABLE_TESTABILITY = YES;
				ENABLE_USER_SCRIPT_SANDBOXING = YES;
				GCC_C_LANGUAGE_STANDARD = gnu17;
				GCC_DYNAMIC_NO_PIC = NO;
				GCC_NO_COMMON_BLOCKS = YES;
				GCC_OPTIMIZATION_LEVEL = 0;
				GCC_PREPROCESSOR_DEFINITIONS = (
					"DEBUG=1",
					"$(inherited)",
				);
				GCC_WARN_64_TO_32_BIT_CONVERSION = YES;
				GCC_WARN_ABOUT_RETURN_TYPE = YES_ERROR;
				GCC_WARN_UNDECLARED_SELECTOR = YES;
				GCC_WARN_UNINITIALIZED_AUTOS = YES_AGGRESSIVE;
				GCC_WARN_UNUSED_FUNCTION = YES;
				GCC_WARN_UNUSED_VARIABLE = YES;
				IPHONEOS_DEPLOYMENT_TARGET = 16.0;
				LOCALIZATION_PREFERS_STRING_CATALOGS = YES;
				MTL_ENABLE_DEBUG_INFO = INCLUDE_SOURCE;
				MTL_FAST_MATH = YES;
				ONLY_ACTIVE_ARCH = YES;
				SDKROOT = iphoneos;
				SWIFT_ACTIVE_COMPILATION_CONDITIONS = "DEBUG $(inherited)";
				SWIFT_OPTIMIZATION_LEVEL = "-Onone";
			};
			name = Debug;
		};
		366926FB2BBC20B4005B8C68 /* Release */ = {
			isa = XCBuildConfiguration;
			buildSettings = {
				ALWAYS_SEARCH_USER_PATHS = NO;
				ASSETCATALOG_COMPILER_GENERATE_SWIFT_ASSET_SYMBOL_EXTENSIONS = YES;
				CLANG_ANALYZER_NONNULL = YES;
				CLANG_ANALYZER_NUMBER_OBJECT_CONVERSION = YES_AGGRESSIVE;
				CLANG_CXX_LANGUAGE_STANDARD = "gnu++20";
				CLANG_ENABLE_MODULES = YES;
				CLANG_ENABLE_OBJC_ARC = YES;
				CLANG_ENABLE_OBJC_WEAK = YES;
				CLANG_WARN_BLOCK_CAPTURE_AUTORELEASING = YES;
				CLANG_WARN_BOOL_CONVERSION = YES;
				CLANG_WARN_COMMA = YES;
				CLANG_WARN_CONSTANT_CONVERSION = YES;
				CLANG_WARN_DEPRECATED_OBJC_IMPLEMENTATIONS = YES;
				CLANG_WARN_DIRECT_OBJC_ISA_USAGE = YES_ERROR;
				CLANG_WARN_DOCUMENTATION_COMMENTS = YES;
				CLANG_WARN_EMPTY_BODY = YES;
				CLANG_WARN_ENUM_CONVERSION = YES;
				CLANG_WARN_INFINITE_RECURSION = YES;
				CLANG_WARN_INT_CONVERSION = YES;
				CLANG_WARN_NON_LITERAL_NULL_CONVERSION = YES;
				CLANG_WARN_OBJC_IMPLICIT_RETAIN_SELF = YES;
				CLANG_WARN_OBJC_LITERAL_CONVERSION = YES;
				CLANG_WARN_OBJC_ROOT_CLASS = YES_ERROR;
				CLANG_WARN_QUOTED_INCLUDE_IN_FRAMEWORK_HEADER = YES;
				CLANG_WARN_RANGE_LOOP_ANALYSIS = YES;
				CLANG_WARN_STRICT_PROTOTYPES = YES;
				CLANG_WARN_SUSPICIOUS_MOVE = YES;
				CLANG_WARN_UNGUARDED_AVAILABILITY = YES_AGGRESSIVE;
				CLANG_WARN_UNREACHABLE_CODE = YES;
				CLANG_WARN__DUPLICATE_METHOD_MATCH = YES;
				COPY_PHASE_STRIP = NO;
				DEBUG_INFORMATION_FORMAT = "dwarf-with-dsym";
				ENABLE_NS_ASSERTIONS = NO;
				ENABLE_STRICT_OBJC_MSGSEND = YES;
				ENABLE_USER_SCRIPT_SANDBOXING = YES;
				GCC_C_LANGUAGE_STANDARD = gnu17;
				GCC_NO_COMMON_BLOCKS = YES;
				GCC_WARN_64_TO_32_BIT_CONVERSION = YES;
				GCC_WARN_ABOUT_RETURN_TYPE = YES_ERROR;
				GCC_WARN_UNDECLARED_SELECTOR = YES;
				GCC_WARN_UNINITIALIZED_AUTOS = YES_AGGRESSIVE;
				GCC_WARN_UNUSED_FUNCTION = YES;
				GCC_WARN_UNUSED_VARIABLE = YES;
				IPHONEOS_DEPLOYMENT_TARGET = 16.0;
				LOCALIZATION_PREFERS_STRING_CATALOGS = YES;
				MTL_ENABLE_DEBUG_INFO = NO;
				MTL_FAST_MATH = YES;
				SDKROOT = iphoneos;
				SWIFT_COMPILATION_MODE = wholemodule;
				VALIDATE_PRODUCT = YES;
			};
			name = Release;
		};
		366926FD2BBC20B4005B8C68 /* Debug */ = {
			isa = XCBuildConfiguration;
			buildSettings = {
				ASSETCATALOG_COMPILER_APPICON_NAME = AppIcon;
				ASSETCATALOG_COMPILER_GLOBAL_ACCENT_COLOR_NAME = AccentColor;
				CODE_SIGN_STYLE = Automatic;
				CURRENT_PROJECT_VERSION = 1;
				DEVELOPMENT_ASSET_PATHS = "\"Africa/Preview Content\"";
				DEVELOPMENT_TEAM = S5UCK9GBFJ;
				ENABLE_PREVIEWS = YES;
				GENERATE_INFOPLIST_FILE = YES;
				INFOPLIST_FILE = Africa/Info.plist;
				INFOPLIST_KEY_UIApplicationSceneManifest_Generation = YES;
				INFOPLIST_KEY_UIApplicationSupportsIndirectInputEvents = YES;
				INFOPLIST_KEY_UISupportedInterfaceOrientations_iPad = "UIInterfaceOrientationPortrait UIInterfaceOrientationPortraitUpsideDown UIInterfaceOrientationLandscapeLeft UIInterfaceOrientationLandscapeRight";
				INFOPLIST_KEY_UISupportedInterfaceOrientations_iPhone = "UIInterfaceOrientationPortrait UIInterfaceOrientationLandscapeLeft UIInterfaceOrientationLandscapeRight";
				INFOPLIST_KEY_UIUserInterfaceStyle = Dark;
				IPHONEOS_DEPLOYMENT_TARGET = 16.0;
				LD_RUNPATH_SEARCH_PATHS = (
					"$(inherited)",
					"@executable_path/Frameworks",
				);
				MARKETING_VERSION = 1.0;
				PRODUCT_BUNDLE_IDENTIFIER = com.gmail.dasom8899981.Africa;
				PRODUCT_NAME = "$(TARGET_NAME)";
				SWIFT_EMIT_LOC_STRINGS = YES;
				SWIFT_VERSION = 5.0;
				TARGETED_DEVICE_FAMILY = "1,2";
			};
			name = Debug;
		};
		366926FE2BBC20B4005B8C68 /* Release */ = {
			isa = XCBuildConfiguration;
			buildSettings = {
				ASSETCATALOG_COMPILER_APPICON_NAME = AppIcon;
				ASSETCATALOG_COMPILER_GLOBAL_ACCENT_COLOR_NAME = AccentColor;
				CODE_SIGN_STYLE = Automatic;
				CURRENT_PROJECT_VERSION = 1;
				DEVELOPMENT_ASSET_PATHS = "\"Africa/Preview Content\"";
				DEVELOPMENT_TEAM = S5UCK9GBFJ;
				ENABLE_PREVIEWS = YES;
				GENERATE_INFOPLIST_FILE = YES;
				INFOPLIST_FILE = Africa/Info.plist;
				INFOPLIST_KEY_UIApplicationSceneManifest_Generation = YES;
				INFOPLIST_KEY_UIApplicationSupportsIndirectInputEvents = YES;
				INFOPLIST_KEY_UISupportedInterfaceOrientations_iPad = "UIInterfaceOrientationPortrait UIInterfaceOrientationPortraitUpsideDown UIInterfaceOrientationLandscapeLeft UIInterfaceOrientationLandscapeRight";
				INFOPLIST_KEY_UISupportedInterfaceOrientations_iPhone = "UIInterfaceOrientationPortrait UIInterfaceOrientationLandscapeLeft UIInterfaceOrientationLandscapeRight";
				INFOPLIST_KEY_UIUserInterfaceStyle = Dark;
				IPHONEOS_DEPLOYMENT_TARGET = 16.0;
				LD_RUNPATH_SEARCH_PATHS = (
					"$(inherited)",
					"@executable_path/Frameworks",
				);
				MARKETING_VERSION = 1.0;
				PRODUCT_BUNDLE_IDENTIFIER = com.gmail.dasom8899981.Africa;
				PRODUCT_NAME = "$(TARGET_NAME)";
				SWIFT_EMIT_LOC_STRINGS = YES;
				SWIFT_VERSION = 5.0;
				TARGETED_DEVICE_FAMILY = "1,2";
			};
			name = Release;
		};
/* End XCBuildConfiguration section */

/* Begin XCConfigurationList section */
		366926E92BBC20B3005B8C68 /* Build configuration list for PBXProject "Africa" */ = {
			isa = XCConfigurationList;
			buildConfigurations = (
				366926FA2BBC20B4005B8C68 /* Debug */,
				366926FB2BBC20B4005B8C68 /* Release */,
			);
			defaultConfigurationIsVisible = 0;
			defaultConfigurationName = Release;
		};
		366926FC2BBC20B4005B8C68 /* Build configuration list for PBXNativeTarget "Africa" */ = {
			isa = XCConfigurationList;
			buildConfigurations = (
				366926FD2BBC20B4005B8C68 /* Debug */,
				366926FE2BBC20B4005B8C68 /* Release */,
			);
			defaultConfigurationIsVisible = 0;
			defaultConfigurationName = Release;
		};
/* End XCConfigurationList section */
	};
	rootObject = 366926E62BBC20B3005B8C68 /* Project object */;
}
